
Microsoft Visual Studio Solution File, Format Version 12.00
# Visual Studio 15
VisualStudioVersion = 15.0.28307.168
MinimumVisualStudioVersion = 10.0.40219.1
Project("{8BC9CEB8-8B4A-11D0-8D11-00A0C91BC942}") = "lv1_p10", "lv1_p10\lv1_p10.vcxproj", "{BAC7E5E7-7234-4CD6-85CC-D35E5CE3B70D}"
EndProject
Global
	GlobalSection(SolutionConfigurationPlatforms) = preSolution
		Debug|x64 = Debug|x64
		Debug|x86 = Debug|x86
		Release|x64 = Release|x64
		Release|x86 = Release|x86
	EndGlobalSection
	GlobalSection(ProjectConfigurationPlatforms) = postSolution
		{BAC7E5E7-7234-4CD6-85CC-D35E5CE3B70D}.Debug|x64.ActiveCfg = Debug|x64
		{BAC7E5E7-7234-4CD6-85CC-D35E5CE3B70D}.Debug|x64.Build.0 = Debug|x64
		{BAC7E5E7-7234-4CD6-85CC-D35E5CE3B70D}.Debug|x86.ActiveCfg = Debug|Win32
		{BAC7E5E7-7234-4CD6-85CC-D35E5CE3B70D}.Debug|x86.Build.0 = Debug|Win32
		{BAC7E5E7-7234-4CD6-85CC-D35E5CE3B70D}.Release|x64.ActiveCfg = Release|x64
		{BAC7E5E7-7234-4CD6-85CC-D35E5CE3B70D}.Release|x64.Build.0 = Release|x64
		{BAC7E5E7-7234-4CD6-85CC-D35E5CE3B70D}.Release|x86.ActiveCfg = Release|Win32
		{BAC7E5E7-7234-4CD6-85CC-D35E5CE3B70D}.Release|x86.Build.0 = Release|Win32
	EndGlobalSection
	GlobalSection(SolutionProperties) = preSolution
		HideSolutionNode = FALSE
	EndGlobalSection
	GlobalSection(ExtensibilityGlobals) = postSolution
		SolutionGuid = {57E1A170-54DB-469C-9012-451C0964EF86}
	EndGlobalSection
EndGlobal
